
Microsoft Visual Studio Solution File, Format Version 12.00
# Visual Studio 2013
VisualStudioVersion = 12.0.21005.1
MinimumVisualStudioVersion = 10.0.40219.1
Project("{E24C65DC-7377-472B-9ABA-BC803B73C61A}") = "IntakeSheet", "..\ePainTrax_NV_JO", "{82E4A0E8-6B4E-4888-A76E-F43DF76783C6}"
	ProjectSection(WebsiteProperties) = preProject
		TargetFrameworkMoniker = ".NETFramework,Version%3Dv4.5"
		ProjectReferences = "{c421e194-5500-4595-8ded-9c4cb4f6eb07}|IntakeSheet.BLL.dll;{A962D459-5144-4E72-BC24-3372D2B01626}|IntakeSheet.DAL.dll;"
		Debug.AspNetCompiler.VirtualPath = "/PainTrax"
		Debug.AspNetCompiler.PhysicalPath = "..\ePainTrax_NV_JO\"
		Debug.AspNetCompiler.TargetPath = "PrecompiledWeb\PainTrax\"
		Debug.AspNetCompiler.Updateable = "true"
		Debug.AspNetCompiler.ForceOverwrite = "true"
		Debug.AspNetCompiler.FixedNames = "false"
		Debug.AspNetCompiler.Debug = "True"
		Release.AspNetCompiler.VirtualPath = "/PainTrax"
		Release.AspNetCompiler.PhysicalPath = "..\ePainTrax_NV_JO\"
		Release.AspNetCompiler.TargetPath = "PrecompiledWeb\PainTrax\"
		Release.AspNetCompiler.Updateable = "true"
		Release.AspNetCompiler.ForceOverwrite = "true"
		Release.AspNetCompiler.FixedNames = "false"
		Release.AspNetCompiler.Debug = "False"
		VWDPort = "8968"
		SlnRelativePath = "..\ePainTrax_NV_JO\"
	EndProjectSection
EndProject
Project("{FAE04EC0-301F-11D3-BF4B-00C04F79EFBC}") = "IntakeSheet.BLL", "IntakeSheet.BLL\IntakeSheet.BLL.csproj", "{C421E194-5500-4595-8DED-9C4CB4F6EB07}"
EndProject
Project("{FAE04EC0-301F-11D3-BF4B-00C04F79EFBC}") = "IntakeSheet.DAL", "..\IntakeSheet.DAL\IntakeSheet.DAL.csproj", "{A962D459-5144-4E72-BC24-3372D2B01626}"
EndProject
Global
	GlobalSection(SolutionConfigurationPlatforms) = preSolution
		Debug|Any CPU = Debug|Any CPU
		Release|Any CPU = Release|Any CPU
	EndGlobalSection
	GlobalSection(ProjectConfigurationPlatforms) = postSolution
		{82E4A0E8-6B4E-4888-A76E-F43DF76783C6}.Debug|Any CPU.ActiveCfg = Debug|Any CPU
		{82E4A0E8-6B4E-4888-A76E-F43DF76783C6}.Debug|Any CPU.Build.0 = Debug|Any CPU
		{82E4A0E8-6B4E-4888-A76E-F43DF76783C6}.Release|Any CPU.ActiveCfg = Debug|Any CPU
		{82E4A0E8-6B4E-4888-A76E-F43DF76783C6}.Release|Any CPU.Build.0 = Debug|Any CPU
		{C421E194-5500-4595-8DED-9C4CB4F6EB07}.Debug|Any CPU.ActiveCfg = Debug|Any CPU
		{C421E194-5500-4595-8DED-9C4CB4F6EB07}.Debug|Any CPU.Build.0 = Debug|Any CPU
		{C421E194-5500-4595-8DED-9C4CB4F6EB07}.Release|Any CPU.ActiveCfg = Release|Any CPU
		{C421E194-5500-4595-8DED-9C4CB4F6EB07}.Release|Any CPU.Build.0 = Release|Any CPU
		{A962D459-5144-4E72-BC24-3372D2B01626}.Debug|Any CPU.ActiveCfg = Debug|Any CPU
		{A962D459-5144-4E72-BC24-3372D2B01626}.Debug|Any CPU.Build.0 = Debug|Any CPU
		{A962D459-5144-4E72-BC24-3372D2B01626}.Release|Any CPU.ActiveCfg = Release|Any CPU
		{A962D459-5144-4E72-BC24-3372D2B01626}.Release|Any CPU.Build.0 = Release|Any CPU
	EndGlobalSection
	GlobalSection(SolutionProperties) = preSolution
		HideSolutionNode = FALSE
	EndGlobalSection
EndGlobal
